
Microsoft Visual Studio Solution File, Format Version 12.00
# Visual Studio Version 17
VisualStudioVersion = 17.8.34330.188
MinimumVisualStudioVersion = 10.0.40219.1
Project("{9A19103F-16F7-4668-BE54-9A1E7A4F7556}") = "BlobStorageProject", "BlobStorageProject\BlobStorageProject.csproj", "{96F6BB27-21B0-4E33-B5C3-02C77474EB40}"
EndProject
Project("{9A19103F-16F7-4668-BE54-9A1E7A4F7556}") = "AzureFunctionProject", "AzureFunctionProject\AzureFunctionProject.csproj", "{4897BAE3-DC10-4C81-BCA6-FA2C4A2EDBD6}"
EndProject
Project("{2150E333-8FDC-42A3-9474-1A3956D46DE8}") = "AzureBlobExample", "AzureBlobExample", "{77AFBA37-539D-4C73-94C2-67D7E227F597}"
EndProject
Project("{2150E333-8FDC-42A3-9474-1A3956D46DE8}") = "AzureFunctionExample", "AzureFunctionExample", "{E1DF5633-32C7-4445-BC80-94BD50F2D26B}"
EndProject
Project("{9A19103F-16F7-4668-BE54-9A1E7A4F7556}") = "AzureFunction", "AzureFunction\AzureFunction.csproj", "{55547448-7FC8-431F-B638-E6A4D91C3496}"
EndProject
Global
	GlobalSection(SolutionConfigurationPlatforms) = preSolution
		Debug|Any CPU = Debug|Any CPU
		Release|Any CPU = Release|Any CPU
	EndGlobalSection
	GlobalSection(ProjectConfigurationPlatforms) = postSolution
		{96F6BB27-21B0-4E33-B5C3-02C77474EB40}.Debug|Any CPU.ActiveCfg = Debug|Any CPU
		{96F6BB27-21B0-4E33-B5C3-02C77474EB40}.Debug|Any CPU.Build.0 = Debug|Any CPU
		{96F6BB27-21B0-4E33-B5C3-02C77474EB40}.Release|Any CPU.ActiveCfg = Release|Any CPU
		{96F6BB27-21B0-4E33-B5C3-02C77474EB40}.Release|Any CPU.Build.0 = Release|Any CPU
		{4897BAE3-DC10-4C81-BCA6-FA2C4A2EDBD6}.Debug|Any CPU.ActiveCfg = Debug|Any CPU
		{4897BAE3-DC10-4C81-BCA6-FA2C4A2EDBD6}.Debug|Any CPU.Build.0 = Debug|Any CPU
		{4897BAE3-DC10-4C81-BCA6-FA2C4A2EDBD6}.Release|Any CPU.ActiveCfg = Release|Any CPU
		{4897BAE3-DC10-4C81-BCA6-FA2C4A2EDBD6}.Release|Any CPU.Build.0 = Release|Any CPU
		{55547448-7FC8-431F-B638-E6A4D91C3496}.Debug|Any CPU.ActiveCfg = Debug|Any CPU
		{55547448-7FC8-431F-B638-E6A4D91C3496}.Debug|Any CPU.Build.0 = Debug|Any CPU
		{55547448-7FC8-431F-B638-E6A4D91C3496}.Release|Any CPU.ActiveCfg = Release|Any CPU
		{55547448-7FC8-431F-B638-E6A4D91C3496}.Release|Any CPU.Build.0 = Release|Any CPU
	EndGlobalSection
	GlobalSection(SolutionProperties) = preSolution
		HideSolutionNode = FALSE
	EndGlobalSection
	GlobalSection(NestedProjects) = preSolution
		{96F6BB27-21B0-4E33-B5C3-02C77474EB40} = {77AFBA37-539D-4C73-94C2-67D7E227F597}
		{4897BAE3-DC10-4C81-BCA6-FA2C4A2EDBD6} = {E1DF5633-32C7-4445-BC80-94BD50F2D26B}
		{55547448-7FC8-431F-B638-E6A4D91C3496} = {E1DF5633-32C7-4445-BC80-94BD50F2D26B}
	EndGlobalSection
	GlobalSection(ExtensibilityGlobals) = postSolution
		SolutionGuid = {880BA9D3-69C5-4F61-9C67-4A7462C5739D}
	EndGlobalSection
EndGlobal
